// !$*UTF8*$!
{
	archiveVersion = 1;
	classes = {
	};
	objectVersion = 77;
	objects = {

/* Begin PBXBuildFile section */
		077EB77E2CF3D2F20084B6E5 /* Lottie in Frameworks */ = {isa = PBXBuildFile; productRef = 077EB77D2CF3D2F20084B6E5 /* Lottie */; };
/* End PBXBuildFile section */

/* Begin PBXContainerItemProxy section */
		07BDF75B2CF2A50E0040EE33 /* PBXContainerItemProxy */ = {
			isa = PBXContainerItemProxy;
			containerPortal = 07BDF7422CF2A50C0040EE33 /* Project object */;
			proxyType = 1;
			remoteGlobalIDString = 07BDF7492CF2A50C0040EE33;
			remoteInfo = Cogito;
		};
		07BDF7652CF2A50E0040EE33 /* PBXContainerItemProxy */ = {
			isa = PBXContainerItemProxy;
			containerPortal = 07BDF7422CF2A50C0040EE33 /* Project object */;
			proxyType = 1;
			remoteGlobalIDString = 07BDF7492CF2A50C0040EE33;
			remoteInfo = Cogito;
		};
/* End PBXContainerItemProxy section */

/* Begin PBXFileReference section */
		07BDF74A2CF2A50C0040EE33 /* Cogito.app */ = {isa = PBXFileReference; explicitFileType = wrapper.application; includeInIndex = 0; path = Cogito.app; sourceTree = BUILT_PRODUCTS_DIR; };
		07BDF75A2CF2A50E0040EE33 /* CogitoTests.xctest */ = {isa = PBXFileReference; explicitFileType = wrapper.cfbundle; includeInIndex = 0; path = CogitoTests.xctest; sourceTree = BUILT_PRODUCTS_DIR; };
		07BDF7642CF2A50E0040EE33 /* CogitoUITests.xctest */ = {isa = PBXFileReference; explicitFileType = wrapper.cfbundle; includeInIndex = 0; path = CogitoUITests.xctest; sourceTree = BUILT_PRODUCTS_DIR; };
/* End PBXFileReference section */

/* Begin PBXFileSystemSynchronizedRootGroup section */
		0735BBF32CF8B260002E1B82 /* Lottie */ = {
			isa = PBXFileSystemSynchronizedRootGroup;
			path = Lottie;
			sourceTree = "<group>";
		};
		07BDF74C2CF2A50C0040EE33 /* Cogito */ = {
			isa = PBXFileSystemSynchronizedRootGroup;
			path = Cogito;
			sourceTree = "<group>";
		};
		07BDF75D2CF2A50E0040EE33 /* CogitoTests */ = {
			isa = PBXFileSystemSynchronizedRootGroup;
			path = CogitoTests;
			sourceTree = "<group>";
		};
		07BDF7672CF2A50E0040EE33 /* CogitoUITests */ = {
			isa = PBXFileSystemSynchronizedRootGroup;
			path = CogitoUITests;
			sourceTree = "<group>";
		};
/* End PBXFileSystemSynchronizedRootGroup section */

/* Begin PBXFrameworksBuildPhase section */
		07BDF7472CF2A50C0040EE33 /* Frameworks */ = {
			isa = PBXFrameworksBuildPhase;
			buildActionMask = 2147483647;
			files = (
				077EB77E2CF3D2F20084B6E5 /* Lottie in Frameworks */,
			);
			runOnlyForDeploymentPostprocessing = 0;
		};
		07BDF7572CF2A50E0040EE33 /* Frameworks */ = {
			isa = PBXFrameworksBuildPhase;
			buildActionMask = 2147483647;
			files = (
			);
			runOnlyForDeploymentPostprocessing = 0;
		};
		07BDF7612CF2A50E0040EE33 /* Frameworks */ = {
			isa = PBXFrameworksBuildPhase;
			buildActionMask = 2147483647;
			files = (
			);
			runOnlyForDeploymentPostprocessing = 0;
		};
/* End PBXFrameworksBuildPhase section */

/* Begin PBXGroup section */
		07BDF7412CF2A50C0040EE33 = {
			isa = PBXGroup;
			children = (
				0735BBF32CF8B260002E1B82 /* Lottie */,
				07BDF74C2CF2A50C0040EE33 /* Cogito */,
				07BDF75D2CF2A50E0040EE33 /* CogitoTests */,
				07BDF7672CF2A50E0040EE33 /* CogitoUITests */,
				07BDF74B2CF2A50C0040EE33 /* Products */,
			);
			sourceTree = "<group>";
		};
		07BDF74B2CF2A50C0040EE33 /* Products */ = {
			isa = PBXGroup;
			children = (
				07BDF74A2CF2A50C0040EE33 /* Cogito.app */,
				07BDF75A2CF2A50E0040EE33 /* CogitoTests.xctest */,
				07BDF7642CF2A50E0040EE33 /* CogitoUITests.xctest */,
			);
			name = Products;
			sourceTree = "<group>";
		};
/* End PBXGroup section */

/* Begin PBXNativeTarget section */
		07BDF7492CF2A50C0040EE33 /* Cogito */ = {
			isa = PBXNativeTarget;
			buildConfigurationList = 07BDF76E2CF2A50E0040EE33 /* Build configuration list for PBXNativeTarget "Cogito" */;
			buildPhases = (
				07BDF7462CF2A50C0040EE33 /* Sources */,
				07BDF7472CF2A50C0040EE33 /* Frameworks */,
				07BDF7482CF2A50C0040EE33 /* Resources */,
			);
			buildRules = (
			);
			dependencies = (
			);
			fileSystemSynchronizedGroups = (
				0735BBF32CF8B260002E1B82 /* Lottie */,
				07BDF74C2CF2A50C0040EE33 /* Cogito */,
			);
			name = Cogito;
			packageProductDependencies = (
				077EB77D2CF3D2F20084B6E5 /* Lottie */,
			);
			productName = Cogito;
			productReference = 07BDF74A2CF2A50C0040EE33 /* Cogito.app */;
			productType = "com.apple.product-type.application";
		};
		07BDF7592CF2A50E0040EE33 /* CogitoTests */ = {
			isa = PBXNativeTarget;
			buildConfigurationList = 07BDF7712CF2A50E0040EE33 /* Build configuration list for PBXNativeTarget "CogitoTests" */;
			buildPhases = (
				07BDF7562CF2A50E0040EE33 /* Sources */,
				07BDF7572CF2A50E0040EE33 /* Frameworks */,
				07BDF7582CF2A50E0040EE33 /* Resources */,
			);
			buildRules = (
			);
			dependencies = (
				07BDF75C2CF2A50E0040EE33 /* PBXTargetDependency */,
			);
			fileSystemSynchronizedGroups = (
				07BDF75D2CF2A50E0040EE33 /* CogitoTests */,
			);
			name = CogitoTests;
			packageProductDependencies = (
			);
			productName = CogitoTests;
			productReference = 07BDF75A2CF2A50E0040EE33 /* CogitoTests.xctest */;
			productType = "com.apple.product-type.bundle.unit-test";
		};
		07BDF7632CF2A50E0040EE33 /* CogitoUITests */ = {
			isa = PBXNativeTarget;
			buildConfigurationList = 07BDF7742CF2A50E0040EE33 /* Build configuration list for PBXNativeTarget "CogitoUITests" */;
			buildPhases = (
				07BDF7602CF2A50E0040EE33 /* Sources */,
				07BDF7612CF2A50E0040EE33 /* Frameworks */,
				07BDF7622CF2A50E0040EE33 /* Resources */,
			);
			buildRules = (
			);
			dependencies = (
				07BDF7662CF2A50E0040EE33 /* PBXTargetDependency */,
			);
			fileSystemSynchronizedGroups = (
				07BDF7672CF2A50E0040EE33 /* CogitoUITests */,
			);
			name = CogitoUITests;
			packageProductDependencies = (
			);
			productName = CogitoUITests;
			productReference = 07BDF7642CF2A50E0040EE33 /* CogitoUITests.xctest */;
			productType = "com.apple.product-type.bundle.ui-testing";
		};
/* End PBXNativeTarget section */

/* Begin PBXProject section */
		07BDF7422CF2A50C0040EE33 /* Project object */ = {
			isa = PBXProject;
			attributes = {
				BuildIndependentTargetsInParallel = 1;
				LastSwiftUpdateCheck = 1610;
				LastUpgradeCheck = 1610;
				TargetAttributes = {
					07BDF7492CF2A50C0040EE33 = {
						CreatedOnToolsVersion = 16.1;
					};
					07BDF7592CF2A50E0040EE33 = {
						CreatedOnToolsVersion = 16.1;
						TestTargetID = 07BDF7492CF2A50C0040EE33;
					};
					07BDF7632CF2A50E0040EE33 = {
						CreatedOnToolsVersion = 16.1;
						TestTargetID = 07BDF7492CF2A50C0040EE33;
					};
				};
			};
			buildConfigurationList = 07BDF7452CF2A50C0040EE33 /* Build configuration list for PBXProject "Cogito" */;
			developmentRegion = en;
			hasScannedForEncodings = 0;
			knownRegions = (
				en,
				Base,
			);
			mainGroup = 07BDF7412CF2A50C0040EE33;
			minimizedProjectReferenceProxies = 1;
			packageReferences = (
				077EB77C2CF3D2CE0084B6E5 /* XCRemoteSwiftPackageReference "lottie-ios" */,
			);
			preferredProjectObjectVersion = 77;
			productRefGroup = 07BDF74B2CF2A50C0040EE33 /* Products */;
			projectDirPath = "";
			projectRoot = "";
			targets = (
				07BDF7492CF2A50C0040EE33 /* Cogito */,
				07BDF7592CF2A50E0040EE33 /* CogitoTests */,
				07BDF7632CF2A50E0040EE33 /* CogitoUITests */,
			);
		};
/* End PBXProject section */

/* Begin PBXResourcesBuildPhase section */
		07BDF7482CF2A50C0040EE33 /* Resources */ = {
			isa = PBXResourcesBuildPhase;
			buildActionMask = 2147483647;
			files = (
			);
			runOnlyForDeploymentPostprocessing = 0;
		};
		07BDF7582CF2A50E0040EE33 /* Resources */ = {
			isa = PBXResourcesBuildPhase;
			buildActionMask = 2147483647;
			files = (
			);
			runOnlyForDeploymentPostprocessing = 0;
		};
		07BDF7622CF2A50E0040EE33 /* Resources */ = {
			isa = PBXResourcesBuildPhase;
			buildActionMask = 2147483647;
			files = (
			);
			runOnlyForDeploymentPostprocessing = 0;
		};
/* End PBXResourcesBuildPhase section */

/* Begin PBXSourcesBuildPhase section */
		07BDF7462CF2A50C0040EE33 /* Sources */ = {
			isa = PBXSourcesBuildPhase;
			buildActionMask = 2147483647;
			files = (
			);
			runOnlyForDeploymentPostprocessing = 0;
		};
		07BDF7562CF2A50E0040EE33 /* Sources */ = {
			isa = PBXSourcesBuildPhase;
			buildActionMask = 2147483647;
			files = (
			);
			runOnlyForDeploymentPostprocessing = 0;
		};
		07BDF7602CF2A50E0040EE33 /* Sources */ = {
			isa = PBXSourcesBuildPhase;
			buildActionMask = 2147483647;
			files = (
			);
			runOnlyForDeploymentPostprocessing = 0;
		};
/* End PBXSourcesBuildPhase section */

/* Begin PBXTargetDependency section */
		07BDF75C2CF2A50E0040EE33 /* PBXTargetDependency */ = {
			isa = PBXTargetDependency;
			target = 07BDF7492CF2A50C0040EE33 /* Cogito */;
			targetProxy = 07BDF75B2CF2A50E0040EE33 /* PBXContainerItemProxy */;
		};
		07BDF7662CF2A50E0040EE33 /* PBXTargetDependency */ = {
			isa = PBXTargetDependency;
			target = 07BDF7492CF2A50C0040EE33 /* Cogito */;
			targetProxy = 07BDF7652CF2A50E0040EE33 /* PBXContainerItemProxy */;
		};
/* End PBXTargetDependency section */

/* Begin XCBuildConfiguration section */
		07BDF76C2CF2A50E0040EE33 /* Debug */ = {
			isa = XCBuildConfiguration;
			buildSettings = {
				ALWAYS_SEARCH_USER_PATHS = NO;
				ASSETCATALOG_COMPILER_GENERATE_SWIFT_ASSET_SYMBOL_EXTENSIONS = YES;
				CLANG_ANALYZER_NONNULL = YES;
				CLANG_ANALYZER_NUMBER_OBJECT_CONVERSION = YES_AGGRESSIVE;
				CLANG_CXX_LANGUAGE_STANDARD = "gnu++20";
				CLANG_ENABLE_MODULES = YES;
				CLANG_ENABLE_OBJC_ARC = YES;
				CLANG_ENABLE_OBJC_WEAK = YES;
				CLANG_WARN_BLOCK_CAPTURE_AUTORELEASING = YES;
				CLANG_WARN_BOOL_CONVERSION = YES;
				CLANG_WARN_COMMA = YES;
				CLANG_WARN_CONSTANT_CONVERSION = YES;
				CLANG_WARN_DEPRECATED_OBJC_IMPLEMENTATIONS = YES;
				CLANG_WARN_DIRECT_OBJC_ISA_USAGE = YES_ERROR;
				CLANG_WARN_DOCUMENTATION_COMMENTS = YES;
				CLANG_WARN_EMPTY_BODY = YES;
				CLANG_WARN_ENUM_CONVERSION = YES;
				CLANG_WARN_INFINITE_RECURSION = YES;
				CLANG_WARN_INT_CONVERSION = YES;
				CLANG_WARN_NON_LITERAL_NULL_CONVERSION = YES;
				CLANG_WARN_OBJC_IMPLICIT_RETAIN_SELF = YES;
				CLANG_WARN_OBJC_LITERAL_CONVERSION = YES;
				CLANG_WARN_OBJC_ROOT_CLASS = YES_ERROR;
				CLANG_WARN_QUOTED_INCLUDE_IN_FRAMEWORK_HEADER = YES;
				CLANG_WARN_RANGE_LOOP_ANALYSIS = YES;
				CLANG_WARN_STRICT_PROTOTYPES = YES;
				CLANG_WARN_SUSPICIOUS_MOVE = YES;
				CLANG_WARN_UNGUARDED_AVAILABILITY = YES_AGGRESSIVE;
				CLANG_WARN_UNREACHABLE_CODE = YES;
				CLANG_WARN__DUPLICATE_METHOD_MATCH = YES;
				COPY_PHASE_STRIP = NO;
				DEBUG_INFORMATION_FORMAT = dwarf;
				ENABLE_STRICT_OBJC_MSGSEND = YES;
				ENABLE_TESTABILITY = YES;
				ENABLE_USER_SCRIPT_SANDBOXING = YES;
				GCC_C_LANGUAGE_STANDARD = gnu17;
				GCC_DYNAMIC_NO_PIC = NO;
				GCC_NO_COMMON_BLOCKS = YES;
				GCC_OPTIMIZATION_LEVEL = 0;
				GCC_PREPROCESSOR_DEFINITIONS = (
					"DEBUG=1",
					"$(inherited)",
				);
				GCC_WARN_64_TO_32_BIT_CONVERSION = YES;
				GCC_WARN_ABOUT_RETURN_TYPE = YES_ERROR;
				GCC_WARN_UNDECLARED_SELECTOR = YES;
				GCC_WARN_UNINITIALIZED_AUTOS = YES_AGGRESSIVE;
				GCC_WARN_UNUSED_FUNCTION = YES;
				GCC_WARN_UNUSED_VARIABLE = YES;
				IPHONEOS_DEPLOYMENT_TARGET = 18.1;
				LOCALIZATION_PREFERS_STRING_CATALOGS = YES;
				MTL_ENABLE_DEBUG_INFO = INCLUDE_SOURCE;
				MTL_FAST_MATH = YES;
				ONLY_ACTIVE_ARCH = YES;
				SDKROOT = iphoneos;
				SWIFT_ACTIVE_COMPILATION_CONDITIONS = "DEBUG $(inherited)";
				SWIFT_OPTIMIZATION_LEVEL = "-Onone";
			};
			name = Debug;
		};
		07BDF76D2CF2A50E0040EE33 /* Release */ = {
			isa = XCBuildConfiguration;
			buildSettings = {
				ALWAYS_SEARCH_USER_PATHS = NO;
				ASSETCATALOG_COMPILER_GENERATE_SWIFT_ASSET_SYMBOL_EXTENSIONS = YES;
				CLANG_ANALYZER_NONNULL = YES;
				CLANG_ANALYZER_NUMBER_OBJECT_CONVERSION = YES_AGGRESSIVE;
				CLANG_CXX_LANGUAGE_STANDARD = "gnu++20";
				CLANG_ENABLE_MODULES = YES;
				CLANG_ENABLE_OBJC_ARC = YES;
				CLANG_ENABLE_OBJC_WEAK = YES;
				CLANG_WARN_BLOCK_CAPTURE_AUTORELEASING = YES;
				CLANG_WARN_BOOL_CONVERSION = YES;
				CLANG_WARN_COMMA = YES;
				CLANG_WARN_CONSTANT_CONVERSION = YES;
				CLANG_WARN_DEPRECATED_OBJC_IMPLEMENTATIONS = YES;
				CLANG_WARN_DIRECT_OBJC_ISA_USAGE = YES_ERROR;
				CLANG_WARN_DOCUMENTATION_COMMENTS = YES;
				CLANG_WARN_EMPTY_BODY = YES;
				CLANG_WARN_ENUM_CONVERSION = YES;
				CLANG_WARN_INFINITE_RECURSION = YES;
				CLANG_WARN_INT_CONVERSION = YES;
				CLANG_WARN_NON_LITERAL_NULL_CONVERSION = YES;
				CLANG_WARN_OBJC_IMPLICIT_RETAIN_SELF = YES;
				CLANG_WARN_OBJC_LITERAL_CONVERSION = YES;
				CLANG_WARN_OBJC_ROOT_CLASS = YES_ERROR;
				CLANG_WARN_QUOTED_INCLUDE_IN_FRAMEWORK_HEADER = YES;
				CLANG_WARN_RANGE_LOOP_ANALYSIS = YES;
				CLANG_WARN_STRICT_PROTOTYPES = YES;
				CLANG_WARN_SUSPICIOUS_MOVE = YES;
				CLANG_WARN_UNGUARDED_AVAILABILITY = YES_AGGRESSIVE;
				CLANG_WARN_UNREACHABLE_CODE = YES;
				CLANG_WARN__DUPLICATE_METHOD_MATCH = YES;
				COPY_PHASE_STRIP = NO;
				DEBUG_INFORMATION_FORMAT = "dwarf-with-dsym";
				ENABLE_NS_ASSERTIONS = NO;
				ENABLE_STRICT_OBJC_MSGSEND = YES;
				ENABLE_USER_SCRIPT_SANDBOXING = YES;
				GCC_C_LANGUAGE_STANDARD = gnu17;
				GCC_NO_COMMON_BLOCKS = YES;
				GCC_WARN_64_TO_32_BIT_CONVERSION = YES;
				GCC_WARN_ABOUT_RETURN_TYPE = YES_ERROR;
				GCC_WARN_UNDECLARED_SELECTOR = YES;
				GCC_WARN_UNINITIALIZED_AUTOS = YES_AGGRESSIVE;
				GCC_WARN_UNUSED_FUNCTION = YES;
				GCC_WARN_UNUSED_VARIABLE = YES;
				IPHONEOS_DEPLOYMENT_TARGET = 18.1;
				LOCALIZATION_PREFERS_STRING_CATALOGS = YES;
				MTL_ENABLE_DEBUG_INFO = NO;
				MTL_FAST_MATH = YES;
				SDKROOT = iphoneos;
				SWIFT_COMPILATION_MODE = wholemodule;
				VALIDATE_PRODUCT = YES;
			};
			name = Release;
		};
		07BDF76F2CF2A50E0040EE33 /* Debug */ = {
			isa = XCBuildConfiguration;
			buildSettings = {
				ASSETCATALOG_COMPILER_APPICON_NAME = AppIcon;
				ASSETCATALOG_COMPILER_GLOBAL_ACCENT_COLOR_NAME = AccentColor;
				CODE_SIGN_STYLE = Automatic;
				CURRENT_PROJECT_VERSION = 1;
				DEVELOPMENT_ASSET_PATHS = "\"Cogito/Preview Content\"";
				ENABLE_PREVIEWS = YES;
				GENERATE_INFOPLIST_FILE = YES;
				INFOPLIST_KEY_UIApplicationSceneManifest_Generation = YES;
				INFOPLIST_KEY_UIApplicationSupportsIndirectInputEvents = YES;
				INFOPLIST_KEY_UILaunchScreen_Generation = YES;
				INFOPLIST_KEY_UISupportedInterfaceOrientations_iPad = "UIInterfaceOrientationPortrait UIInterfaceOrientationPortraitUpsideDown UIInterfaceOrientationLandscapeLeft UIInterfaceOrientationLandscapeRight";
				INFOPLIST_KEY_UISupportedInterfaceOrientations_iPhone = "UIInterfaceOrientationPortrait UIInterfaceOrientationLandscapeLeft UIInterfaceOrientationLandscapeRight";
				LD_RUNPATH_SEARCH_PATHS = (
					"$(inherited)",
					"@executable_path/Frameworks",
				);
				MARKETING_VERSION = 1.0;
				PRODUCT_BUNDLE_IDENTIFIER = PrinceYadav.Cogito;
				PRODUCT_NAME = "$(TARGET_NAME)";
				SWIFT_EMIT_LOC_STRINGS = YES;
				SWIFT_VERSION = 5.0;
				TARGETED_DEVICE_FAMILY = "1,2";
			};
			name = Debug;
		};
		07BDF7702CF2A50E0040EE33 /* Release */ = {
			isa = XCBuildConfiguration;
			buildSettings = {
				ASSETCATALOG_COMPILER_APPICON_NAME = AppIcon;
				ASSETCATALOG_COMPILER_GLOBAL_ACCENT_COLOR_NAME = AccentColor;
				CODE_SIGN_STYLE = Automatic;
				CURRENT_PROJECT_VERSION = 1;
				DEVELOPMENT_ASSET_PATHS = "\"Cogito/Preview Content\"";
				ENABLE_PREVIEWS = YES;
				GENERATE_INFOPLIST_FILE = YES;
				INFOPLIST_KEY_UIApplicationSceneManifest_Generation = YES;
				INFOPLIST_KEY_UIApplicationSupportsIndirectInputEvents = YES;
				INFOPLIST_KEY_UILaunchScreen_Generation = YES;
				INFOPLIST_KEY_UISupportedInterfaceOrientations_iPad = "UIInterfaceOrientationPortrait UIInterfaceOrientationPortraitUpsideDown UIInterfaceOrientationLandscapeLeft UIInterfaceOrientationLandscapeRight";
				INFOPLIST_KEY_UISupportedInterfaceOrientations_iPhone = "UIInterfaceOrientationPortrait UIInterfaceOrientationLandscapeLeft UIInterfaceOrientationLandscapeRight";
				LD_RUNPATH_SEARCH_PATHS = (
					"$(inherited)",
					"@executable_path/Frameworks",
				);
				MARKETING_VERSION = 1.0;
				PRODUCT_BUNDLE_IDENTIFIER = PrinceYadav.Cogito;
				PRODUCT_NAME = "$(TARGET_NAME)";
				SWIFT_EMIT_LOC_STRINGS = YES;
				SWIFT_VERSION = 5.0;
				TARGETED_DEVICE_FAMILY = "1,2";
			};
			name = Release;
		};
		07BDF7722CF2A50E0040EE33 /* Debug */ = {
			isa = XCBuildConfiguration;
			buildSettings = {
				BUNDLE_LOADER = "$(TEST_HOST)";
				CODE_SIGN_STYLE = Automatic;
				CURRENT_PROJECT_VERSION = 1;
				GENERATE_INFOPLIST_FILE = YES;
				IPHONEOS_DEPLOYMENT_TARGET = 18.1;
				MARKETING_VERSION = 1.0;
				PRODUCT_BUNDLE_IDENTIFIER = PrinceYadav.CogitoTests;
				PRODUCT_NAME = "$(TARGET_NAME)";
				SWIFT_EMIT_LOC_STRINGS = NO;
				SWIFT_VERSION = 5.0;
				TARGETED_DEVICE_FAMILY = "1,2";
				TEST_HOST = "$(BUILT_PRODUCTS_DIR)/Cogito.app/$(BUNDLE_EXECUTABLE_FOLDER_PATH)/Cogito";
			};
			name = Debug;
		};
		07BDF7732CF2A50E0040EE33 /* Release */ = {
			isa = XCBuildConfiguration;
			buildSettings = {
				BUNDLE_LOADER = "$(TEST_HOST)";
				CODE_SIGN_STYLE = Automatic;
				CURRENT_PROJECT_VERSION = 1;
				GENERATE_INFOPLIST_FILE = YES;
				IPHONEOS_DEPLOYMENT_TARGET = 18.1;
				MARKETING_VERSION = 1.0;
				PRODUCT_BUNDLE_IDENTIFIER = PrinceYadav.CogitoTests;
				PRODUCT_NAME = "$(TARGET_NAME)";
				SWIFT_EMIT_LOC_STRINGS = NO;
				SWIFT_VERSION = 5.0;
				TARGETED_DEVICE_FAMILY = "1,2";
				TEST_HOST = "$(BUILT_PRODUCTS_DIR)/Cogito.app/$(BUNDLE_EXECUTABLE_FOLDER_PATH)/Cogito";
			};
			name = Release;
		};
		07BDF7752CF2A50E0040EE33 /* Debug */ = {
			isa = XCBuildConfiguration;
			buildSettings = {
				CODE_SIGN_STYLE = Automatic;
				CURRENT_PROJECT_VERSION = 1;
				GENERATE_INFOPLIST_FILE = YES;
				MARKETING_VERSION = 1.0;
				PRODUCT_BUNDLE_IDENTIFIER = PrinceYadav.CogitoUITests;
				PRODUCT_NAME = "$(TARGET_NAME)";
				SWIFT_EMIT_LOC_STRINGS = NO;
				SWIFT_VERSION = 5.0;
				TARGETED_DEVICE_FAMILY = "1,2";
				TEST_TARGET_NAME = Cogito;
			};
			name = Debug;
		};
		07BDF7762CF2A50E0040EE33 /* Release */ = {
			isa = XCBuildConfiguration;
			buildSettings = {
				CODE_SIGN_STYLE = Automatic;
				CURRENT_PROJECT_VERSION = 1;
				GENERATE_INFOPLIST_FILE = YES;
				MARKETING_VERSION = 1.0;
				PRODUCT_BUNDLE_IDENTIFIER = PrinceYadav.CogitoUITests;
				PRODUCT_NAME = "$(TARGET_NAME)";
				SWIFT_EMIT_LOC_STRINGS = NO;
				SWIFT_VERSION = 5.0;
				TARGETED_DEVICE_FAMILY = "1,2";
				TEST_TARGET_NAME = Cogito;
			};
			name = Release;
		};
/* End XCBuildConfiguration section */

/* Begin XCConfigurationList section */
		07BDF7452CF2A50C0040EE33 /* Build configuration list for PBXProject "Cogito" */ = {
			isa = XCConfigurationList;
			buildConfigurations = (
				07BDF76C2CF2A50E0040EE33 /* Debug */,
				07BDF76D2CF2A50E0040EE33 /* Release */,
			);
			defaultConfigurationIsVisible = 0;
			defaultConfigurationName = Release;
		};
		07BDF76E2CF2A50E0040EE33 /* Build configuration list for PBXNativeTarget "Cogito" */ = {
			isa = XCConfigurationList;
			buildConfigurations = (
				07BDF76F2CF2A50E0040EE33 /* Debug */,
				07BDF7702CF2A50E0040EE33 /* Release */,
			);
			defaultConfigurationIsVisible = 0;
			defaultConfigurationName = Release;
		};
		07BDF7712CF2A50E0040EE33 /* Build configuration list for PBXNativeTarget "CogitoTests" */ = {
			isa = XCConfigurationList;
			buildConfigurations = (
				07BDF7722CF2A50E0040EE33 /* Debug */,
				07BDF7732CF2A50E0040EE33 /* Release */,
			);
			defaultConfigurationIsVisible = 0;
			defaultConfigurationName = Release;
		};
		07BDF7742CF2A50E0040EE33 /* Build configuration list for PBXNativeTarget "CogitoUITests" */ = {
			isa = XCConfigurationList;
			buildConfigurations = (
				07BDF7752CF2A50E0040EE33 /* Debug */,
				07BDF7762CF2A50E0040EE33 /* Release */,
			);
			defaultConfigurationIsVisible = 0;
			defaultConfigurationName = Release;
		};
/* End XCConfigurationList section */

/* Begin XCRemoteSwiftPackageReference section */
		077EB77C2CF3D2CE0084B6E5 /* XCRemoteSwiftPackageReference "lottie-ios" */ = {
			isa = XCRemoteSwiftPackageReference;
			repositoryURL = "https://github.com/airbnb/lottie-ios";
			requirement = {
				kind = upToNextMajorVersion;
				minimumVersion = 4.5.0;
			};
		};
/* End XCRemoteSwiftPackageReference section */

/* Begin XCSwiftPackageProductDependency section */
		077EB77D2CF3D2F20084B6E5 /* Lottie */ = {
			isa = XCSwiftPackageProductDependency;
			package = 077EB77C2CF3D2CE0084B6E5 /* XCRemoteSwiftPackageReference "lottie-ios" */;
			productName = Lottie;
		};
/* End XCSwiftPackageProductDependency section */
	};
	rootObject = 07BDF7422CF2A50C0040EE33 /* Project object */;
}
